
Microsoft Visual Studio Solution File, Format Version 12.00
# Visual Studio Version 17
VisualStudioVersion = 17.12.35527.113
MinimumVisualStudioVersion = 10.0.40219.1
Project("{FAE04EC0-301F-11D3-BF4B-00C04F79EFBC}") = "DVLDPresentationLayer", "DVLDPresentationLayer\DVLDPresentationLayer.csproj", "{EEE64FD7-533E-4567-A0AC-89B3EFB6192C}"
EndProject
Project("{FAE04EC0-301F-11D3-BF4B-00C04F79EFBC}") = "DVLDBussinessLayer", "DVLDBussinessLayer\DVLDBussinessLayer.csproj", "{CC16ED7D-7945-4D3C-A2D4-F1FA7152FD04}"
EndProject
Project("{FAE04EC0-301F-11D3-BF4B-00C04F79EFBC}") = "DVLDDataAccessLayer", "DVLDDataAccessLayer\DVLDDataAccessLayer.csproj", "{11AF93E0-71B2-4630-89AE-065D3EFFC152}"
EndProject
Project("{2150E333-8FDC-42A3-9474-1A3956D46DE8}") = "DVLD_Desktop_System", "DVLD_Desktop_System", "{3F143D32-FC5B-4C83-8310-E8625272F0F4}"
EndProject
Project("{FAE04EC0-301F-11D3-BF4B-00C04F79EFBC}") = "DVLDREST_API", "DVLDREST_API\DVLDREST_API.csproj", "{C5EEC319-2558-46CD-860F-C80E99A52F05}"
EndProject
Global
	GlobalSection(SolutionConfigurationPlatforms) = preSolution
		Debug|Any CPU = Debug|Any CPU
		Release|Any CPU = Release|Any CPU
	EndGlobalSection
	GlobalSection(ProjectConfigurationPlatforms) = postSolution
		{EEE64FD7-533E-4567-A0AC-89B3EFB6192C}.Debug|Any CPU.ActiveCfg = Debug|Any CPU
		{EEE64FD7-533E-4567-A0AC-89B3EFB6192C}.Debug|Any CPU.Build.0 = Debug|Any CPU
		{EEE64FD7-533E-4567-A0AC-89B3EFB6192C}.Release|Any CPU.ActiveCfg = Release|Any CPU
		{EEE64FD7-533E-4567-A0AC-89B3EFB6192C}.Release|Any CPU.Build.0 = Release|Any CPU
		{CC16ED7D-7945-4D3C-A2D4-F1FA7152FD04}.Debug|Any CPU.ActiveCfg = Debug|Any CPU
		{CC16ED7D-7945-4D3C-A2D4-F1FA7152FD04}.Debug|Any CPU.Build.0 = Debug|Any CPU
		{CC16ED7D-7945-4D3C-A2D4-F1FA7152FD04}.Release|Any CPU.ActiveCfg = Release|Any CPU
		{CC16ED7D-7945-4D3C-A2D4-F1FA7152FD04}.Release|Any CPU.Build.0 = Release|Any CPU
		{11AF93E0-71B2-4630-89AE-065D3EFFC152}.Debug|Any CPU.ActiveCfg = Debug|Any CPU
		{11AF93E0-71B2-4630-89AE-065D3EFFC152}.Debug|Any CPU.Build.0 = Debug|Any CPU
		{11AF93E0-71B2-4630-89AE-065D3EFFC152}.Release|Any CPU.ActiveCfg = Release|Any CPU
		{11AF93E0-71B2-4630-89AE-065D3EFFC152}.Release|Any CPU.Build.0 = Release|Any CPU
		{C5EEC319-2558-46CD-860F-C80E99A52F05}.Debug|Any CPU.ActiveCfg = Debug|Any CPU
		{C5EEC319-2558-46CD-860F-C80E99A52F05}.Debug|Any CPU.Build.0 = Debug|Any CPU
		{C5EEC319-2558-46CD-860F-C80E99A52F05}.Release|Any CPU.ActiveCfg = Release|Any CPU
		{C5EEC319-2558-46CD-860F-C80E99A52F05}.Release|Any CPU.Build.0 = Release|Any CPU
	EndGlobalSection
	GlobalSection(SolutionProperties) = preSolution
		HideSolutionNode = FALSE
	EndGlobalSection
	GlobalSection(NestedProjects) = preSolution
		{EEE64FD7-533E-4567-A0AC-89B3EFB6192C} = {3F143D32-FC5B-4C83-8310-E8625272F0F4}
		{CC16ED7D-7945-4D3C-A2D4-F1FA7152FD04} = {3F143D32-FC5B-4C83-8310-E8625272F0F4}
		{11AF93E0-71B2-4630-89AE-065D3EFFC152} = {3F143D32-FC5B-4C83-8310-E8625272F0F4}
		{C5EEC319-2558-46CD-860F-C80E99A52F05} = {3F143D32-FC5B-4C83-8310-E8625272F0F4}
	EndGlobalSection
EndGlobal
